# This file is automatically @generated by Cargo.
# It is not intended for manual editing.
version = 4

[[package]]
name = "rustty"
version = "0.1.0"

[[package]]
name = "rustty-app"
version = "0.1.0"

[[package]]
name = "rustty-font"
version = "0.1.0"

[[package]]
name = "rustty-parser"
version = "0.1.0"

[[package]]
name = "rustty-render"
version = "0.1.0"

[[package]]
name = "rustty-render-wgpu"
version = "0.1.0"

[[package]]
name = "rustty-vt"
version = "0.1.0"
